
Microsoft Visual Studio Solution File, Format Version 12.00
# Visual Studio Version 17
VisualStudioVersion = 17.3.32922.545
MinimumVisualStudioVersion = 10.0.40219.1
Project("{FAE04EC0-301F-11D3-BF4B-00C04F79EFBC}") = "RevitAPI_Mod_4_Final", "RevitAPI_Mod_4_Final\RevitAPI_Mod_4_Final.csproj", "{3D51E0D0-29EE-4F6B-8C62-B13B072134CB}"
EndProject
Global
	GlobalSection(SolutionConfigurationPlatforms) = preSolution
		Debug|Any CPU = Debug|Any CPU
		Release|Any CPU = Release|Any CPU
	EndGlobalSection
	GlobalSection(ProjectConfigurationPlatforms) = postSolution
		{3D51E0D0-29EE-4F6B-8C62-B13B072134CB}.Debug|Any CPU.ActiveCfg = Debug|Any CPU
		{3D51E0D0-29EE-4F6B-8C62-B13B072134CB}.Debug|Any CPU.Build.0 = Debug|Any CPU
		{3D51E0D0-29EE-4F6B-8C62-B13B072134CB}.Release|Any CPU.ActiveCfg = Release|Any CPU
		{3D51E0D0-29EE-4F6B-8C62-B13B072134CB}.Release|Any CPU.Build.0 = Release|Any CPU
	EndGlobalSection
	GlobalSection(SolutionProperties) = preSolution
		HideSolutionNode = FALSE
	EndGlobalSection
	GlobalSection(ExtensibilityGlobals) = postSolution
		SolutionGuid = {39B5C863-C14B-4837-BA79-2123601A44CA}
	EndGlobalSection
EndGlobal
